
Microsoft Visual Studio Solution File, Format Version 12.00
# Visual Studio Version 17
VisualStudioVersion = 17.9.34723.18
MinimumVisualStudioVersion = 10.0.40219.1
Project("{9A19103F-16F7-4668-BE54-9A1E7A4F7556}") = "BlazorApp1", "BlazorApp1\BlazorApp1.csproj", "{8266ED86-B605-4E2F-9660-7E03759391B1}"
EndProject
Project("{9A19103F-16F7-4668-BE54-9A1E7A4F7556}") = "BlazorApp1.Client", "BlazorApp1.Client\BlazorApp1.Client.csproj", "{47CD064E-80AF-483B-9386-0630462F59D7}"
EndProject
Project("{9A19103F-16F7-4668-BE54-9A1E7A4F7556}") = "ControleDeEstabelecimentos.Dados", "Estabelecimentos\ControleDeEstabelecimentos.Dados.csproj", "{BAC8A03B-63BF-4537-B744-4ED6A10C5994}"
EndProject
Project("{9A19103F-16F7-4668-BE54-9A1E7A4F7556}") = "ControleDeEstabelecimentos.Modelos", "Estabelecimentos.Modelos\ControleDeEstabelecimentos.Modelos.csproj", "{E561E7EE-DD8A-40B6-9657-DD4F9E59672B}"
EndProject
Global
	GlobalSection(SolutionConfigurationPlatforms) = preSolution
		Debug|Any CPU = Debug|Any CPU
		Release|Any CPU = Release|Any CPU
	EndGlobalSection
	GlobalSection(ProjectConfigurationPlatforms) = postSolution
		{8266ED86-B605-4E2F-9660-7E03759391B1}.Debug|Any CPU.ActiveCfg = Debug|Any CPU
		{8266ED86-B605-4E2F-9660-7E03759391B1}.Debug|Any CPU.Build.0 = Debug|Any CPU
		{8266ED86-B605-4E2F-9660-7E03759391B1}.Release|Any CPU.ActiveCfg = Release|Any CPU
		{8266ED86-B605-4E2F-9660-7E03759391B1}.Release|Any CPU.Build.0 = Release|Any CPU
		{47CD064E-80AF-483B-9386-0630462F59D7}.Debug|Any CPU.ActiveCfg = Debug|Any CPU
		{47CD064E-80AF-483B-9386-0630462F59D7}.Debug|Any CPU.Build.0 = Debug|Any CPU
		{47CD064E-80AF-483B-9386-0630462F59D7}.Release|Any CPU.ActiveCfg = Release|Any CPU
		{47CD064E-80AF-483B-9386-0630462F59D7}.Release|Any CPU.Build.0 = Release|Any CPU
		{BAC8A03B-63BF-4537-B744-4ED6A10C5994}.Debug|Any CPU.ActiveCfg = Debug|Any CPU
		{BAC8A03B-63BF-4537-B744-4ED6A10C5994}.Debug|Any CPU.Build.0 = Debug|Any CPU
		{BAC8A03B-63BF-4537-B744-4ED6A10C5994}.Release|Any CPU.ActiveCfg = Release|Any CPU
		{BAC8A03B-63BF-4537-B744-4ED6A10C5994}.Release|Any CPU.Build.0 = Release|Any CPU
		{E561E7EE-DD8A-40B6-9657-DD4F9E59672B}.Debug|Any CPU.ActiveCfg = Debug|Any CPU
		{E561E7EE-DD8A-40B6-9657-DD4F9E59672B}.Debug|Any CPU.Build.0 = Debug|Any CPU
		{E561E7EE-DD8A-40B6-9657-DD4F9E59672B}.Release|Any CPU.ActiveCfg = Release|Any CPU
		{E561E7EE-DD8A-40B6-9657-DD4F9E59672B}.Release|Any CPU.Build.0 = Release|Any CPU
	EndGlobalSection
	GlobalSection(SolutionProperties) = preSolution
		HideSolutionNode = FALSE
	EndGlobalSection
	GlobalSection(ExtensibilityGlobals) = postSolution
		SolutionGuid = {E2886350-AEAF-4140-ACA9-793CA584E015}
	EndGlobalSection
EndGlobal
